// !$*UTF8*$!
{
	archiveVersion = 1;
	classes = {
	};
	objectVersion = 46;
	objects = {

/* Begin PBXBuildFile section */
		1529750E1C1FEF0800C6EFA4 /* AppDelegate.swift in Sources */ = {isa = PBXBuildFile; fileRef = 1529750D1C1FEF0800C6EFA4 /* AppDelegate.swift */; };
		152975101C1FEF0800C6EFA4 /* ViewController.swift in Sources */ = {isa = PBXBuildFile; fileRef = 1529750F1C1FEF0800C6EFA4 /* ViewController.swift */; };
		152975131C1FEF0800C6EFA4 /* Main.storyboard in Resources */ = {isa = PBXBuildFile; fileRef = 152975111C1FEF0800C6EFA4 /* Main.storyboard */; };
		152975151C1FEF0800C6EFA4 /* Assets.xcassets in Resources */ = {isa = PBXBuildFile; fileRef = 152975141C1FEF0800C6EFA4 /* Assets.xcassets */; };
		152975221C1FF0DE00C6EFA4 /* FBSDKCoreKit.framework in Frameworks */ = {isa = PBXBuildFile; fileRef = 1529751F1C1FF0DE00C6EFA4 /* FBSDKCoreKit.framework */; };
		152975231C1FF0DE00C6EFA4 /* FBSDKLoginKit.framework in Frameworks */ = {isa = PBXBuildFile; fileRef = 152975201C1FF0DE00C6EFA4 /* FBSDKLoginKit.framework */; };
		152975241C1FF0DE00C6EFA4 /* FBSDKShareKit.framework in Frameworks */ = {isa = PBXBuildFile; fileRef = 152975211C1FF0DE00C6EFA4 /* FBSDKShareKit.framework */; };
		152975271C1FF94900C6EFA4 /* FBLoginViewController.swift in Sources */ = {isa = PBXBuildFile; fileRef = 152975261C1FF94900C6EFA4 /* FBLoginViewController.swift */; };
		152975291C1FFFCA00C6EFA4 /* SettingsViewController.swift in Sources */ = {isa = PBXBuildFile; fileRef = 152975281C1FFFCA00C6EFA4 /* SettingsViewController.swift */; };
		1529752D1C2008D500C6EFA4 /* AlbumsViewController.swift in Sources */ = {isa = PBXBuildFile; fileRef = 1529752C1C2008D500C6EFA4 /* AlbumsViewController.swift */; };
		152975361C20C02F00C6EFA4 /* Album.swift in Sources */ = {isa = PBXBuildFile; fileRef = 152975351C20C02F00C6EFA4 /* Album.swift */; };
		152975381C20C03B00C6EFA4 /* Photo.swift in Sources */ = {isa = PBXBuildFile; fileRef = 152975371C20C03B00C6EFA4 /* Photo.swift */; };
		1529753A1C20C05E00C6EFA4 /* GraphApi.swift in Sources */ = {isa = PBXBuildFile; fileRef = 152975391C20C05E00C6EFA4 /* GraphApi.swift */; };
		1529753C1C20C38B00C6EFA4 /* AlbumType.swift in Sources */ = {isa = PBXBuildFile; fileRef = 1529753B1C20C38B00C6EFA4 /* AlbumType.swift */; };
		1529753E1C20C5DC00C6EFA4 /* AlbumList.swift in Sources */ = {isa = PBXBuildFile; fileRef = 1529753D1C20C5DC00C6EFA4 /* AlbumList.swift */; };
		152975421C25315A00C6EFA4 /* AlbumCollectionViewController.swift in Sources */ = {isa = PBXBuildFile; fileRef = 152975411C25315A00C6EFA4 /* AlbumCollectionViewController.swift */; };
		152975441C265D6300C6EFA4 /* AlbumPhotoViewCell.swift in Sources */ = {isa = PBXBuildFile; fileRef = 152975431C265D6300C6EFA4 /* AlbumPhotoViewCell.swift */; };
		152975471C287A8100C6EFA4 /* ImageCache.swift in Sources */ = {isa = PBXBuildFile; fileRef = 152975461C287A8100C6EFA4 /* ImageCache.swift */; };
		1529754A1C2B633500C6EFA4 /* ImageDownloader.swift in Sources */ = {isa = PBXBuildFile; fileRef = 152975491C2B633500C6EFA4 /* ImageDownloader.swift */; };
		158340331C37B9CF00A8BC5E /* CIImage+Convenience.swift in Sources */ = {isa = PBXBuildFile; fileRef = 158340301C37B9CF00A8BC5E /* CIImage+Convenience.swift */; };
		158340341C37B9CF00A8BC5E /* NSIndexSet+Convenience.swift in Sources */ = {isa = PBXBuildFile; fileRef = 158340311C37B9CF00A8BC5E /* NSIndexSet+Convenience.swift */; };
		158340351C37B9CF00A8BC5E /* UICollectionView+Convenience.swift in Sources */ = {isa = PBXBuildFile; fileRef = 158340321C37B9CF00A8BC5E /* UICollectionView+Convenience.swift */; };
		158340371C37BC5F00A8BC5E /* GridViewCell.swift in Sources */ = {isa = PBXBuildFile; fileRef = 158340361C37BC5F00A8BC5E /* GridViewCell.swift */; };
		15DA886C1C2FDBF800D4E0E5 /* GalleryViewController.swift in Sources */ = {isa = PBXBuildFile; fileRef = 15DA886B1C2FDBF800D4E0E5 /* GalleryViewController.swift */; };
		15DA886E1C2FE34D00D4E0E5 /* Launch Screen.storyboard in Resources */ = {isa = PBXBuildFile; fileRef = 15DA886D1C2FE34D00D4E0E5 /* Launch Screen.storyboard */; };
		15DDA5FC1C32653400DA522D /* AssetsGridViewController.swift in Sources */ = {isa = PBXBuildFile; fileRef = 15DDA5FB1C32653400DA522D /* AssetsGridViewController.swift */; };
/* End PBXBuildFile section */

/* Begin PBXFileReference section */
		1529750A1C1FEF0800C6EFA4 /* Social Photos.app */ = {isa = PBXFileReference; explicitFileType = wrapper.application; includeInIndex = 0; path = "Social Photos.app"; sourceTree = BUILT_PRODUCTS_DIR; };
		1529750D1C1FEF0800C6EFA4 /* AppDelegate.swift */ = {isa = PBXFileReference; lastKnownFileType = sourcecode.swift; path = AppDelegate.swift; sourceTree = "<group>"; };
		1529750F1C1FEF0800C6EFA4 /* ViewController.swift */ = {isa = PBXFileReference; lastKnownFileType = sourcecode.swift; path = ViewController.swift; sourceTree = "<group>"; };
		152975121C1FEF0800C6EFA4 /* Base */ = {isa = PBXFileReference; lastKnownFileType = file.storyboard; name = Base; path = Base.lproj/Main.storyboard; sourceTree = "<group>"; };
		152975141C1FEF0800C6EFA4 /* Assets.xcassets */ = {isa = PBXFileReference; lastKnownFileType = folder.assetcatalog; path = Assets.xcassets; sourceTree = "<group>"; };
		152975191C1FEF0800C6EFA4 /* Info.plist */ = {isa = PBXFileReference; lastKnownFileType = text.plist.xml; path = Info.plist; sourceTree = "<group>"; };
		1529751F1C1FF0DE00C6EFA4 /* FBSDKCoreKit.framework */ = {isa = PBXFileReference; lastKnownFileType = wrapper.framework; name = FBSDKCoreKit.framework; path = ../../../../Documents/FacebookSDK/FBSDKCoreKit.framework; sourceTree = "<group>"; };
		152975201C1FF0DE00C6EFA4 /* FBSDKLoginKit.framework */ = {isa = PBXFileReference; lastKnownFileType = wrapper.framework; name = FBSDKLoginKit.framework; path = ../../../../Documents/FacebookSDK/FBSDKLoginKit.framework; sourceTree = "<group>"; };
		152975211C1FF0DE00C6EFA4 /* FBSDKShareKit.framework */ = {isa = PBXFileReference; lastKnownFileType = wrapper.framework; name = FBSDKShareKit.framework; path = ../../../../Documents/FacebookSDK/FBSDKShareKit.framework; sourceTree = "<group>"; };
		152975261C1FF94900C6EFA4 /* FBLoginViewController.swift */ = {isa = PBXFileReference; fileEncoding = 4; lastKnownFileType = sourcecode.swift; path = FBLoginViewController.swift; sourceTree = "<group>"; };
		152975281C1FFFCA00C6EFA4 /* SettingsViewController.swift */ = {isa = PBXFileReference; fileEncoding = 4; lastKnownFileType = sourcecode.swift; path = SettingsViewController.swift; sourceTree = "<group>"; };
		1529752C1C2008D500C6EFA4 /* AlbumsViewController.swift */ = {isa = PBXFileReference; fileEncoding = 4; lastKnownFileType = sourcecode.swift; path = AlbumsViewController.swift; sourceTree = "<group>"; };
		152975351C20C02F00C6EFA4 /* Album.swift */ = {isa = PBXFileReference; fileEncoding = 4; lastKnownFileType = sourcecode.swift; path = Album.swift; sourceTree = "<group>"; };
		152975371C20C03B00C6EFA4 /* Photo.swift */ = {isa = PBXFileReference; fileEncoding = 4; lastKnownFileType = sourcecode.swift; path = Photo.swift; sourceTree = "<group>"; };
		152975391C20C05E00C6EFA4 /* GraphApi.swift */ = {isa = PBXFileReference; fileEncoding = 4; lastKnownFileType = sourcecode.swift; path = GraphApi.swift; sourceTree = "<group>"; };
		1529753B1C20C38B00C6EFA4 /* AlbumType.swift */ = {isa = PBXFileReference; fileEncoding = 4; lastKnownFileType = sourcecode.swift; path = AlbumType.swift; sourceTree = "<group>"; };
		1529753D1C20C5DC00C6EFA4 /* AlbumList.swift */ = {isa = PBXFileReference; fileEncoding = 4; lastKnownFileType = sourcecode.swift; path = AlbumList.swift; sourceTree = "<group>"; };
		152975411C25315A00C6EFA4 /* AlbumCollectionViewController.swift */ = {isa = PBXFileReference; fileEncoding = 4; lastKnownFileType = sourcecode.swift; path = AlbumCollectionViewController.swift; sourceTree = "<group>"; };
		152975431C265D6300C6EFA4 /* AlbumPhotoViewCell.swift */ = {isa = PBXFileReference; fileEncoding = 4; lastKnownFileType = sourcecode.swift; path = AlbumPhotoViewCell.swift; sourceTree = "<group>"; };
		152975461C287A8100C6EFA4 /* ImageCache.swift */ = {isa = PBXFileReference; fileEncoding = 4; lastKnownFileType = sourcecode.swift; path = ImageCache.swift; sourceTree = "<group>"; };
		152975491C2B633500C6EFA4 /* ImageDownloader.swift */ = {isa = PBXFileReference; fileEncoding = 4; lastKnownFileType = sourcecode.swift; path = ImageDownloader.swift; sourceTree = "<group>"; };
		158340301C37B9CF00A8BC5E /* CIImage+Convenience.swift */ = {isa = PBXFileReference; fileEncoding = 4; lastKnownFileType = sourcecode.swift; path = "CIImage+Convenience.swift"; sourceTree = "<group>"; };
		158340311C37B9CF00A8BC5E /* NSIndexSet+Convenience.swift */ = {isa = PBXFileReference; fileEncoding = 4; lastKnownFileType = sourcecode.swift; path = "NSIndexSet+Convenience.swift"; sourceTree = "<group>"; };
		158340321C37B9CF00A8BC5E /* UICollectionView+Convenience.swift */ = {isa = PBXFileReference; fileEncoding = 4; lastKnownFileType = sourcecode.swift; path = "UICollectionView+Convenience.swift"; sourceTree = "<group>"; };
		158340361C37BC5F00A8BC5E /* GridViewCell.swift */ = {isa = PBXFileReference; fileEncoding = 4; lastKnownFileType = sourcecode.swift; path = GridViewCell.swift; sourceTree = "<group>"; };
		15DA886B1C2FDBF800D4E0E5 /* GalleryViewController.swift */ = {isa = PBXFileReference; fileEncoding = 4; lastKnownFileType = sourcecode.swift; path = GalleryViewController.swift; sourceTree = "<group>"; };
		15DA886D1C2FE34D00D4E0E5 /* Launch Screen.storyboard */ = {isa = PBXFileReference; fileEncoding = 4; lastKnownFileType = file.storyboard; name = "Launch Screen.storyboard"; path = "../Launch Screen.storyboard"; sourceTree = "<group>"; };
		15DDA5FB1C32653400DA522D /* AssetsGridViewController.swift */ = {isa = PBXFileReference; fileEncoding = 4; lastKnownFileType = sourcecode.swift; path = AssetsGridViewController.swift; sourceTree = "<group>"; };
/* End PBXFileReference section */

/* Begin PBXFrameworksBuildPhase section */
		152975071C1FEF0800C6EFA4 /* Frameworks */ = {
			isa = PBXFrameworksBuildPhase;
			buildActionMask = 2147483647;
			files = (
				152975231C1FF0DE00C6EFA4 /* FBSDKLoginKit.framework in Frameworks */,
				152975221C1FF0DE00C6EFA4 /* FBSDKCoreKit.framework in Frameworks */,
				152975241C1FF0DE00C6EFA4 /* FBSDKShareKit.framework in Frameworks */,
			);
			runOnlyForDeploymentPostprocessing = 0;
		};
/* End PBXFrameworksBuildPhase section */

/* Begin PBXGroup section */
		152975011C1FEF0800C6EFA4 = {
			isa = PBXGroup;
			children = (
				152975251C1FF45500C6EFA4 /* Frameworks */,
				1529750C1C1FEF0800C6EFA4 /* Social Photos */,
				1529750B1C1FEF0800C6EFA4 /* Products */,
			);
			sourceTree = "<group>";
		};
		1529750B1C1FEF0800C6EFA4 /* Products */ = {
			isa = PBXGroup;
			children = (
				1529750A1C1FEF0800C6EFA4 /* Social Photos.app */,
			);
			name = Products;
			sourceTree = "<group>";
		};
		1529750C1C1FEF0800C6EFA4 /* Social Photos */ = {
			isa = PBXGroup;
			children = (
				1583402F1C37B97C00A8BC5E /* Convenience Categories */,
				15DA886D1C2FE34D00D4E0E5 /* Launch Screen.storyboard */,
				152975481C2B631B00C6EFA4 /* image */,
				152975451C287A6D00C6EFA4 /* cache */,
				152975321C20BFFE00C6EFA4 /* Facebook */,
				1529750D1C1FEF0800C6EFA4 /* AppDelegate.swift */,
				1529750F1C1FEF0800C6EFA4 /* ViewController.swift */,
				152975111C1FEF0800C6EFA4 /* Main.storyboard */,
				152975141C1FEF0800C6EFA4 /* Assets.xcassets */,
				152975191C1FEF0800C6EFA4 /* Info.plist */,
				152975261C1FF94900C6EFA4 /* FBLoginViewController.swift */,
				152975281C1FFFCA00C6EFA4 /* SettingsViewController.swift */,
				1529752C1C2008D500C6EFA4 /* AlbumsViewController.swift */,
				152975411C25315A00C6EFA4 /* AlbumCollectionViewController.swift */,
				152975431C265D6300C6EFA4 /* AlbumPhotoViewCell.swift */,
				15DA886B1C2FDBF800D4E0E5 /* GalleryViewController.swift */,
				15DDA5FB1C32653400DA522D /* AssetsGridViewController.swift */,
				158340361C37BC5F00A8BC5E /* GridViewCell.swift */,
			);
			path = "Social Photos";
			sourceTree = "<group>";
		};
		152975251C1FF45500C6EFA4 /* Frameworks */ = {
			isa = PBXGroup;
			children = (
				1529751F1C1FF0DE00C6EFA4 /* FBSDKCoreKit.framework */,
				152975201C1FF0DE00C6EFA4 /* FBSDKLoginKit.framework */,
				152975211C1FF0DE00C6EFA4 /* FBSDKShareKit.framework */,
			);
			name = Frameworks;
			sourceTree = "<group>";
		};
		152975321C20BFFE00C6EFA4 /* Facebook */ = {
			isa = PBXGroup;
			children = (
				152975341C20C01D00C6EFA4 /* Graph */,
				152975331C20C01300C6EFA4 /* Model */,
			);
			name = Facebook;
			sourceTree = "<group>";
		};
		152975331C20C01300C6EFA4 /* Model */ = {
			isa = PBXGroup;
			children = (
				152975351C20C02F00C6EFA4 /* Album.swift */,
				152975371C20C03B00C6EFA4 /* Photo.swift */,
				1529753B1C20C38B00C6EFA4 /* AlbumType.swift */,
				1529753D1C20C5DC00C6EFA4 /* AlbumList.swift */,
			);
			name = Model;
			sourceTree = "<group>";
		};
		152975341C20C01D00C6EFA4 /* Graph */ = {
			isa = PBXGroup;
			children = (
				152975391C20C05E00C6EFA4 /* GraphApi.swift */,
			);
			name = Graph;
			sourceTree = "<group>";
		};
		152975451C287A6D00C6EFA4 /* cache */ = {
			isa = PBXGroup;
			children = (
				152975461C287A8100C6EFA4 /* ImageCache.swift */,
			);
			name = cache;
			sourceTree = "<group>";
		};
		152975481C2B631B00C6EFA4 /* image */ = {
			isa = PBXGroup;
			children = (
				152975491C2B633500C6EFA4 /* ImageDownloader.swift */,
			);
			name = image;
			sourceTree = "<group>";
		};
		1583402F1C37B97C00A8BC5E /* Convenience Categories */ = {
			isa = PBXGroup;
			children = (
				158340301C37B9CF00A8BC5E /* CIImage+Convenience.swift */,
				158340311C37B9CF00A8BC5E /* NSIndexSet+Convenience.swift */,
				158340321C37B9CF00A8BC5E /* UICollectionView+Convenience.swift */,
			);
			name = "Convenience Categories";
			sourceTree = "<group>";
		};
/* End PBXGroup section */

/* Begin PBXNativeTarget section */
		152975091C1FEF0800C6EFA4 /* Social Photos */ = {
			isa = PBXNativeTarget;
			buildConfigurationList = 1529751C1C1FEF0800C6EFA4 /* Build configuration list for PBXNativeTarget "Social Photos" */;
			buildPhases = (
				152975061C1FEF0800C6EFA4 /* Sources */,
				152975071C1FEF0800C6EFA4 /* Frameworks */,
				152975081C1FEF0800C6EFA4 /* Resources */,
			);
			buildRules = (
			);
			dependencies = (
			);
			name = "Social Photos";
			productName = "Social Photos";
			productReference = 1529750A1C1FEF0800C6EFA4 /* Social Photos.app */;
			productType = "com.apple.product-type.application";
		};
/* End PBXNativeTarget section */

/* Begin PBXProject section */
		152975021C1FEF0800C6EFA4 /* Project object */ = {
			isa = PBXProject;
			attributes = {
				LastSwiftUpdateCheck = 0720;
				LastUpgradeCheck = 0720;
				ORGANIZATIONNAME = "shoulong li";
				TargetAttributes = {
					152975091C1FEF0800C6EFA4 = {
						CreatedOnToolsVersion = 7.2;
					};
				};
			};
			buildConfigurationList = 152975051C1FEF0800C6EFA4 /* Build configuration list for PBXProject "Social Photos" */;
			compatibilityVersion = "Xcode 3.2";
			developmentRegion = English;
			hasScannedForEncodings = 0;
			knownRegions = (
				en,
				Base,
			);
			mainGroup = 152975011C1FEF0800C6EFA4;
			productRefGroup = 1529750B1C1FEF0800C6EFA4 /* Products */;
			projectDirPath = "";
			projectRoot = "";
			targets = (
				152975091C1FEF0800C6EFA4 /* Social Photos */,
			);
		};
/* End PBXProject section */

/* Begin PBXResourcesBuildPhase section */
		152975081C1FEF0800C6EFA4 /* Resources */ = {
			isa = PBXResourcesBuildPhase;
			buildActionMask = 2147483647;
			files = (
				15DA886E1C2FE34D00D4E0E5 /* Launch Screen.storyboard in Resources */,
				152975151C1FEF0800C6EFA4 /* Assets.xcassets in Resources */,
				152975131C1FEF0800C6EFA4 /* Main.storyboard in Resources */,
			);
			runOnlyForDeploymentPostprocessing = 0;
		};
/* End PBXResourcesBuildPhase section */

/* Begin PBXSourcesBuildPhase section */
		152975061C1FEF0800C6EFA4 /* Sources */ = {
			isa = PBXSourcesBuildPhase;
			buildActionMask = 2147483647;
			files = (
				152975421C25315A00C6EFA4 /* AlbumCollectionViewController.swift in Sources */,
				152975471C287A8100C6EFA4 /* ImageCache.swift in Sources */,
				1529754A1C2B633500C6EFA4 /* ImageDownloader.swift in Sources */,
				152975441C265D6300C6EFA4 /* AlbumPhotoViewCell.swift in Sources */,
				15DA886C1C2FDBF800D4E0E5 /* GalleryViewController.swift in Sources */,
				158340351C37B9CF00A8BC5E /* UICollectionView+Convenience.swift in Sources */,
				158340371C37BC5F00A8BC5E /* GridViewCell.swift in Sources */,
				152975381C20C03B00C6EFA4 /* Photo.swift in Sources */,
				152975101C1FEF0800C6EFA4 /* ViewController.swift in Sources */,
				1529750E1C1FEF0800C6EFA4 /* AppDelegate.swift in Sources */,
				158340331C37B9CF00A8BC5E /* CIImage+Convenience.swift in Sources */,
				152975271C1FF94900C6EFA4 /* FBLoginViewController.swift in Sources */,
				158340341C37B9CF00A8BC5E /* NSIndexSet+Convenience.swift in Sources */,
				1529753C1C20C38B00C6EFA4 /* AlbumType.swift in Sources */,
				15DDA5FC1C32653400DA522D /* AssetsGridViewController.swift in Sources */,
				152975291C1FFFCA00C6EFA4 /* SettingsViewController.swift in Sources */,
				1529753A1C20C05E00C6EFA4 /* GraphApi.swift in Sources */,
				1529753E1C20C5DC00C6EFA4 /* AlbumList.swift in Sources */,
				1529752D1C2008D500C6EFA4 /* AlbumsViewController.swift in Sources */,
				152975361C20C02F00C6EFA4 /* Album.swift in Sources */,
			);
			runOnlyForDeploymentPostprocessing = 0;
		};
/* End PBXSourcesBuildPhase section */

/* Begin PBXVariantGroup section */
		152975111C1FEF0800C6EFA4 /* Main.storyboard */ = {
			isa = PBXVariantGroup;
			children = (
				152975121C1FEF0800C6EFA4 /* Base */,
			);
			name = Main.storyboard;
			sourceTree = "<group>";
		};
/* End PBXVariantGroup section */

/* Begin XCBuildConfiguration section */
		1529751A1C1FEF0800C6EFA4 /* Debug */ = {
			isa = XCBuildConfiguration;
			buildSettings = {
				ALWAYS_SEARCH_USER_PATHS = NO;
				CLANG_CXX_LANGUAGE_STANDARD = "gnu++0x";
				CLANG_CXX_LIBRARY = "libc++";
				CLANG_ENABLE_MODULES = YES;
				CLANG_ENABLE_OBJC_ARC = YES;
				CLANG_WARN_BOOL_CONVERSION = YES;
				CLANG_WARN_CONSTANT_CONVERSION = YES;
				CLANG_WARN_DIRECT_OBJC_ISA_USAGE = YES_ERROR;
				CLANG_WARN_EMPTY_BODY = YES;
				CLANG_WARN_ENUM_CONVERSION = YES;
				CLANG_WARN_INT_CONVERSION = YES;
				CLANG_WARN_OBJC_ROOT_CLASS = YES_ERROR;
				CLANG_WARN_UNREACHABLE_CODE = YES;
				CLANG_WARN__DUPLICATE_METHOD_MATCH = YES;
				"CODE_SIGN_IDENTITY[sdk=iphoneos*]" = "iPhone Developer";
				COPY_PHASE_STRIP = NO;
				DEBUG_INFORMATION_FORMAT = dwarf;
				ENABLE_STRICT_OBJC_MSGSEND = YES;
				ENABLE_TESTABILITY = YES;
				GCC_C_LANGUAGE_STANDARD = gnu99;
				GCC_DYNAMIC_NO_PIC = NO;
				GCC_NO_COMMON_BLOCKS = YES;
				GCC_OPTIMIZATION_LEVEL = 0;
				GCC_PREPROCESSOR_DEFINITIONS = (
					"DEBUG=1",
					"$(inherited)",
				);
				GCC_WARN_64_TO_32_BIT_CONVERSION = YES;
				GCC_WARN_ABOUT_RETURN_TYPE = YES_ERROR;
				GCC_WARN_UNDECLARED_SELECTOR = YES;
				GCC_WARN_UNINITIALIZED_AUTOS = YES_AGGRESSIVE;
				GCC_WARN_UNUSED_FUNCTION = YES;
				GCC_WARN_UNUSED_VARIABLE = YES;
				IPHONEOS_DEPLOYMENT_TARGET = 9.2;
				MTL_ENABLE_DEBUG_INFO = YES;
				ONLY_ACTIVE_ARCH = YES;
				SDKROOT = iphoneos;
				SWIFT_OPTIMIZATION_LEVEL = "-Onone";
				TARGETED_DEVICE_FAMILY = "1,2";
			};
			name = Debug;
		};
		1529751B1C1FEF0800C6EFA4 /* Release */ = {
			isa = XCBuildConfiguration;
			buildSettings = {
				ALWAYS_SEARCH_USER_PATHS = NO;
				CLANG_CXX_LANGUAGE_STANDARD = "gnu++0x";
				CLANG_CXX_LIBRARY = "libc++";
				CLANG_ENABLE_MODULES = YES;
				CLANG_ENABLE_OBJC_ARC = YES;
				CLANG_WARN_BOOL_CONVERSION = YES;
				CLANG_WARN_CONSTANT_CONVERSION = YES;
				CLANG_WARN_DIRECT_OBJC_ISA_USAGE = YES_ERROR;
				CLANG_WARN_EMPTY_BODY = YES;
				CLANG_WARN_ENUM_CONVERSION = YES;
				CLANG_WARN_INT_CONVERSION = YES;
				CLANG_WARN_OBJC_ROOT_CLASS = YES_ERROR;
				CLANG_WARN_UNREACHABLE_CODE = YES;
				CLANG_WARN__DUPLICATE_METHOD_MATCH = YES;
				"CODE_SIGN_IDENTITY[sdk=iphoneos*]" = "iPhone Developer";
				COPY_PHASE_STRIP = NO;
				DEBUG_INFORMATION_FORMAT = "dwarf-with-dsym";
				ENABLE_NS_ASSERTIONS = NO;
				ENABLE_STRICT_OBJC_MSGSEND = YES;
				GCC_C_LANGUAGE_STANDARD = gnu99;
				GCC_NO_COMMON_BLOCKS = YES;
				GCC_WARN_64_TO_32_BIT_CONVERSION = YES;
				GCC_WARN_ABOUT_RETURN_TYPE = YES_ERROR;
				GCC_WARN_UNDECLARED_SELECTOR = YES;
				GCC_WARN_UNINITIALIZED_AUTOS = YES_AGGRESSIVE;
				GCC_WARN_UNUSED_FUNCTION = YES;
				GCC_WARN_UNUSED_VARIABLE = YES;
				IPHONEOS_DEPLOYMENT_TARGET = 9.2;
				MTL_ENABLE_DEBUG_INFO = NO;
				SDKROOT = iphoneos;
				TARGETED_DEVICE_FAMILY = "1,2";
				VALIDATE_PRODUCT = YES;
			};
			name = Release;
		};
		1529751D1C1FEF0800C6EFA4 /* Debug */ = {
			isa = XCBuildConfiguration;
			buildSettings = {
				ASSETCATALOG_COMPILER_APPICON_NAME = AppIcon;
				"FRAMEWORK_SEARCH_PATHS[arch=*]" = /Users/shoulongli/Documents/FacebookSDK/;
				INFOPLIST_FILE = "Social Photos/Info.plist";
				LD_RUNPATH_SEARCH_PATHS = "$(inherited) @executable_path/Frameworks";
				PRODUCT_BUNDLE_IDENTIFIER = "com.shoulongli.Social-Photos";
				PRODUCT_NAME = "$(TARGET_NAME)";
			};
			name = Debug;
		};
		1529751E1C1FEF0800C6EFA4 /* Release */ = {
			isa = XCBuildConfiguration;
			buildSettings = {
				ASSETCATALOG_COMPILER_APPICON_NAME = AppIcon;
				"FRAMEWORK_SEARCH_PATHS[arch=*]" = /Users/shoulongli/Documents/FacebookSDK/;
				INFOPLIST_FILE = "Social Photos/Info.plist";
				LD_RUNPATH_SEARCH_PATHS = "$(inherited) @executable_path/Frameworks";
				PRODUCT_BUNDLE_IDENTIFIER = "com.shoulongli.Social-Photos";
				PRODUCT_NAME = "$(TARGET_NAME)";
			};
			name = Release;
		};
/* End XCBuildConfiguration section */

/* Begin XCConfigurationList section */
		152975051C1FEF0800C6EFA4 /* Build configuration list for PBXProject "Social Photos" */ = {
			isa = XCConfigurationList;
			buildConfigurations = (
				1529751A1C1FEF0800C6EFA4 /* Debug */,
				1529751B1C1FEF0800C6EFA4 /* Release */,
			);
			defaultConfigurationIsVisible = 0;
			defaultConfigurationName = Release;
		};
		1529751C1C1FEF0800C6EFA4 /* Build configuration list for PBXNativeTarget "Social Photos" */ = {
			isa = XCConfigurationList;
			buildConfigurations = (
				1529751D1C1FEF0800C6EFA4 /* Debug */,
				1529751E1C1FEF0800C6EFA4 /* Release */,
			);
			defaultConfigurationIsVisible = 0;
			defaultConfigurationName = Release;
		};
/* End XCConfigurationList section */
	};
	rootObject = 152975021C1FEF0800C6EFA4 /* Project object */;
}
